
Microsoft Visual Studio Solution File, Format Version 12.00
# Visual Studio 15
VisualStudioVersion = 15.0.26228.4
MinimumVisualStudioVersion = 10.0.40219.1
Project("{9A19103F-16F7-4668-BE54-9A1E7A4F7556}") = "Think.Erp.Api", "..\src\Think.Erp.Api\Think.Erp.Api.csproj", "{48E76FBA-C38E-4AC2-8F68-18D7F0BF504F}"
EndProject
Project("{9A19103F-16F7-4668-BE54-9A1E7A4F7556}") = "Think.Erp.Test", "..\test\Think.Erp.Test\Think.Erp.Test.csproj", "{35384FB7-8493-4D89-A4CB-AE95EFE85474}"
EndProject
Global
	GlobalSection(SolutionConfigurationPlatforms) = preSolution
		Debug|Any CPU = Debug|Any CPU
		Release|Any CPU = Release|Any CPU
	EndGlobalSection
	GlobalSection(ProjectConfigurationPlatforms) = postSolution
		{48E76FBA-C38E-4AC2-8F68-18D7F0BF504F}.Debug|Any CPU.ActiveCfg = Debug|Any CPU
		{48E76FBA-C38E-4AC2-8F68-18D7F0BF504F}.Debug|Any CPU.Build.0 = Debug|Any CPU
		{48E76FBA-C38E-4AC2-8F68-18D7F0BF504F}.Release|Any CPU.ActiveCfg = Release|Any CPU
		{48E76FBA-C38E-4AC2-8F68-18D7F0BF504F}.Release|Any CPU.Build.0 = Release|Any CPU
		{35384FB7-8493-4D89-A4CB-AE95EFE85474}.Debug|Any CPU.ActiveCfg = Debug|Any CPU
		{35384FB7-8493-4D89-A4CB-AE95EFE85474}.Debug|Any CPU.Build.0 = Debug|Any CPU
		{35384FB7-8493-4D89-A4CB-AE95EFE85474}.Release|Any CPU.ActiveCfg = Release|Any CPU
		{35384FB7-8493-4D89-A4CB-AE95EFE85474}.Release|Any CPU.Build.0 = Release|Any CPU
	EndGlobalSection
	GlobalSection(SolutionProperties) = preSolution
		HideSolutionNode = FALSE
	EndGlobalSection
EndGlobal
